
Microsoft Visual Studio Solution File, Format Version 12.00
# Visual Studio Version 16
VisualStudioVersion = 16.0.32413.511
MinimumVisualStudioVersion = 10.0.40219.1
Project("{FAE04EC0-301F-11D3-BF4B-00C04F79EFBC}") = "Graphical_Language", "Graphical_Language\Graphical_Language.csproj", "{83047A11-A691-4A24-A0A5-F367FF36B57E}"
EndProject
Project("{FAE04EC0-301F-11D3-BF4B-00C04F79EFBC}") = "UnitTestProject", "UnitTestProject\UnitTestProject.csproj", "{B0629030-F425-4D6A-939A-94667790F73F}"
	ProjectSection(ProjectDependencies) = postProject
		{83047A11-A691-4A24-A0A5-F367FF36B57E} = {83047A11-A691-4A24-A0A5-F367FF36B57E}
	EndProjectSection
EndProject
Global
	GlobalSection(SolutionConfigurationPlatforms) = preSolution
		Debug|Any CPU = Debug|Any CPU
		Release|Any CPU = Release|Any CPU
	EndGlobalSection
	GlobalSection(ProjectConfigurationPlatforms) = postSolution
		{83047A11-A691-4A24-A0A5-F367FF36B57E}.Debug|Any CPU.ActiveCfg = Debug|Any CPU
		{83047A11-A691-4A24-A0A5-F367FF36B57E}.Debug|Any CPU.Build.0 = Debug|Any CPU
		{83047A11-A691-4A24-A0A5-F367FF36B57E}.Release|Any CPU.ActiveCfg = Release|Any CPU
		{83047A11-A691-4A24-A0A5-F367FF36B57E}.Release|Any CPU.Build.0 = Release|Any CPU
		{B0629030-F425-4D6A-939A-94667790F73F}.Debug|Any CPU.ActiveCfg = Debug|Any CPU
		{B0629030-F425-4D6A-939A-94667790F73F}.Debug|Any CPU.Build.0 = Debug|Any CPU
		{B0629030-F425-4D6A-939A-94667790F73F}.Release|Any CPU.ActiveCfg = Release|Any CPU
		{B0629030-F425-4D6A-939A-94667790F73F}.Release|Any CPU.Build.0 = Release|Any CPU
	EndGlobalSection
	GlobalSection(SolutionProperties) = preSolution
		HideSolutionNode = FALSE
	EndGlobalSection
	GlobalSection(ExtensibilityGlobals) = postSolution
		SolutionGuid = {084DDCA9-4AC9-49B8-95A2-76FBAFCF88CB}
	EndGlobalSection
EndGlobal
